
Microsoft Visual Studio Solution File, Format Version 12.00
# Visual Studio Version 17
VisualStudioVersion = 17.11.35208.52
MinimumVisualStudioVersion = 10.0.40219.1
Project("{2150E333-8FDC-42A3-9474-1A3956D46DE8}") = "01", "01", "{6DBEF9CC-F837-4384-9043-B000AFF4BC16}"
EndProject
Project("{2150E333-8FDC-42A3-9474-1A3956D46DE8}") = "02", "02", "{787B5DA0-4655-4BF9-9E55-3BBF2EDB7A90}"
EndProject
Project("{2150E333-8FDC-42A3-9474-1A3956D46DE8}") = "03", "03", "{5099111B-E3A9-424A-B58E-9BFACD51A798}"
EndProject
Project("{9A19103F-16F7-4668-BE54-9A1E7A4F7556}") = "Ejercicio03.Consola", "Ejercicio03.Consola\Ejercicio03.Consola.csproj", "{2E921119-39B6-4B98-BFA0-79010430AFDA}"
EndProject
Project("{9A19103F-16F7-4668-BE54-9A1E7A4F7556}") = "Ejercicio03.Entidades", "Ejercicio03.Entidades\Ejercicio03.Entidades.csproj", "{9BC4D90C-839D-4E13-AF47-29562E8546A0}"
EndProject
Project("{2150E333-8FDC-42A3-9474-1A3956D46DE8}") = "04", "04", "{6958C66E-18D5-4A87-B74A-2127FE482A0F}"
EndProject
Project("{9A19103F-16F7-4668-BE54-9A1E7A4F7556}") = "Ejercicio04.Consola", "Ejercicio04.Consola\Ejercicio04.Consola.csproj", "{C46459F3-F698-4CCE-AB48-32B1A912EE5B}"
EndProject
Project("{9A19103F-16F7-4668-BE54-9A1E7A4F7556}") = "Ejercicio04.Entidades", "Ejercicio04.Entidades\Ejercicio04.Entidades.csproj", "{3306986C-46C4-40CA-B92E-CDD35432634A}"
EndProject
Project("{9A19103F-16F7-4668-BE54-9A1E7A4F7556}") = "Ejercicio04.Datos", "Ejercicio04.Datos\Ejercicio04.Datos.csproj", "{D39C4AE6-5A54-4A64-B380-54091C96C31A}"
EndProject
Project("{9A19103F-16F7-4668-BE54-9A1E7A4F7556}") = "Ejercicio01.Consola", "Ejercicio01.Consola\Ejercicio01.Consola.csproj", "{2028B2C1-7365-4912-8CAE-026871D74BFA}"
EndProject
Project("{9A19103F-16F7-4668-BE54-9A1E7A4F7556}") = "Ejercicio01.Entidades", "Ejercicio01.Entidades\Ejercicio01.Entidades.csproj", "{55EB0669-2280-44FE-A5B0-107C7D37C14E}"
EndProject
Project("{9A19103F-16F7-4668-BE54-9A1E7A4F7556}") = "Ejercicio02.Consola", "Ejercicio02.Consola\Ejercicio02.Consola.csproj", "{F5D7E9DB-AE41-47E6-994D-6666127C964D}"
EndProject
Project("{9A19103F-16F7-4668-BE54-9A1E7A4F7556}") = "Ejercicio02.Entidades", "Ejercicio02.Entidades\Ejercicio02.Entidades.csproj", "{B732C2E3-3072-45B5-8C75-50730796B682}"
EndProject
Project("{2150E333-8FDC-42A3-9474-1A3956D46DE8}") = "Shared", "Shared", "{492A5CCD-5673-402E-8FE5-79DB2D3C2FB8}"
EndProject
Project("{FAE04EC0-301F-11D3-BF4B-00C04F79EFBC}") = "PrimerParcialPOO2024Tema1.Shared", "PrimerParcialPOO2024Tema1.Shared\PrimerParcialPOO2024Tema1.Shared.csproj", "{0FFE1AE4-6DB8-4602-9ED1-FA866D06489D}"
EndProject
Global
	GlobalSection(SolutionConfigurationPlatforms) = preSolution
		Debug|Any CPU = Debug|Any CPU
		Release|Any CPU = Release|Any CPU
	EndGlobalSection
	GlobalSection(ProjectConfigurationPlatforms) = postSolution
		{2E921119-39B6-4B98-BFA0-79010430AFDA}.Debug|Any CPU.ActiveCfg = Debug|Any CPU
		{2E921119-39B6-4B98-BFA0-79010430AFDA}.Debug|Any CPU.Build.0 = Debug|Any CPU
		{2E921119-39B6-4B98-BFA0-79010430AFDA}.Release|Any CPU.ActiveCfg = Release|Any CPU
		{2E921119-39B6-4B98-BFA0-79010430AFDA}.Release|Any CPU.Build.0 = Release|Any CPU
		{9BC4D90C-839D-4E13-AF47-29562E8546A0}.Debug|Any CPU.ActiveCfg = Debug|Any CPU
		{9BC4D90C-839D-4E13-AF47-29562E8546A0}.Debug|Any CPU.Build.0 = Debug|Any CPU
		{9BC4D90C-839D-4E13-AF47-29562E8546A0}.Release|Any CPU.ActiveCfg = Release|Any CPU
		{9BC4D90C-839D-4E13-AF47-29562E8546A0}.Release|Any CPU.Build.0 = Release|Any CPU
		{C46459F3-F698-4CCE-AB48-32B1A912EE5B}.Debug|Any CPU.ActiveCfg = Debug|Any CPU
		{C46459F3-F698-4CCE-AB48-32B1A912EE5B}.Debug|Any CPU.Build.0 = Debug|Any CPU
		{C46459F3-F698-4CCE-AB48-32B1A912EE5B}.Release|Any CPU.ActiveCfg = Release|Any CPU
		{C46459F3-F698-4CCE-AB48-32B1A912EE5B}.Release|Any CPU.Build.0 = Release|Any CPU
		{3306986C-46C4-40CA-B92E-CDD35432634A}.Debug|Any CPU.ActiveCfg = Debug|Any CPU
		{3306986C-46C4-40CA-B92E-CDD35432634A}.Debug|Any CPU.Build.0 = Debug|Any CPU
		{3306986C-46C4-40CA-B92E-CDD35432634A}.Release|Any CPU.ActiveCfg = Release|Any CPU
		{3306986C-46C4-40CA-B92E-CDD35432634A}.Release|Any CPU.Build.0 = Release|Any CPU
		{D39C4AE6-5A54-4A64-B380-54091C96C31A}.Debug|Any CPU.ActiveCfg = Debug|Any CPU
		{D39C4AE6-5A54-4A64-B380-54091C96C31A}.Debug|Any CPU.Build.0 = Debug|Any CPU
		{D39C4AE6-5A54-4A64-B380-54091C96C31A}.Release|Any CPU.ActiveCfg = Release|Any CPU
		{D39C4AE6-5A54-4A64-B380-54091C96C31A}.Release|Any CPU.Build.0 = Release|Any CPU
		{2028B2C1-7365-4912-8CAE-026871D74BFA}.Debug|Any CPU.ActiveCfg = Debug|Any CPU
		{2028B2C1-7365-4912-8CAE-026871D74BFA}.Debug|Any CPU.Build.0 = Debug|Any CPU
		{2028B2C1-7365-4912-8CAE-026871D74BFA}.Release|Any CPU.ActiveCfg = Release|Any CPU
		{2028B2C1-7365-4912-8CAE-026871D74BFA}.Release|Any CPU.Build.0 = Release|Any CPU
		{55EB0669-2280-44FE-A5B0-107C7D37C14E}.Debug|Any CPU.ActiveCfg = Debug|Any CPU
		{55EB0669-2280-44FE-A5B0-107C7D37C14E}.Debug|Any CPU.Build.0 = Debug|Any CPU
		{55EB0669-2280-44FE-A5B0-107C7D37C14E}.Release|Any CPU.ActiveCfg = Release|Any CPU
		{55EB0669-2280-44FE-A5B0-107C7D37C14E}.Release|Any CPU.Build.0 = Release|Any CPU
		{F5D7E9DB-AE41-47E6-994D-6666127C964D}.Debug|Any CPU.ActiveCfg = Debug|Any CPU
		{F5D7E9DB-AE41-47E6-994D-6666127C964D}.Debug|Any CPU.Build.0 = Debug|Any CPU
		{F5D7E9DB-AE41-47E6-994D-6666127C964D}.Release|Any CPU.ActiveCfg = Release|Any CPU
		{F5D7E9DB-AE41-47E6-994D-6666127C964D}.Release|Any CPU.Build.0 = Release|Any CPU
		{B732C2E3-3072-45B5-8C75-50730796B682}.Debug|Any CPU.ActiveCfg = Debug|Any CPU
		{B732C2E3-3072-45B5-8C75-50730796B682}.Debug|Any CPU.Build.0 = Debug|Any CPU
		{B732C2E3-3072-45B5-8C75-50730796B682}.Release|Any CPU.ActiveCfg = Release|Any CPU
		{B732C2E3-3072-45B5-8C75-50730796B682}.Release|Any CPU.Build.0 = Release|Any CPU
		{0FFE1AE4-6DB8-4602-9ED1-FA866D06489D}.Debug|Any CPU.ActiveCfg = Debug|Any CPU
		{0FFE1AE4-6DB8-4602-9ED1-FA866D06489D}.Debug|Any CPU.Build.0 = Debug|Any CPU
		{0FFE1AE4-6DB8-4602-9ED1-FA866D06489D}.Release|Any CPU.ActiveCfg = Release|Any CPU
		{0FFE1AE4-6DB8-4602-9ED1-FA866D06489D}.Release|Any CPU.Build.0 = Release|Any CPU
	EndGlobalSection
	GlobalSection(SolutionProperties) = preSolution
		HideSolutionNode = FALSE
	EndGlobalSection
	GlobalSection(NestedProjects) = preSolution
		{2E921119-39B6-4B98-BFA0-79010430AFDA} = {5099111B-E3A9-424A-B58E-9BFACD51A798}
		{9BC4D90C-839D-4E13-AF47-29562E8546A0} = {5099111B-E3A9-424A-B58E-9BFACD51A798}
		{C46459F3-F698-4CCE-AB48-32B1A912EE5B} = {6958C66E-18D5-4A87-B74A-2127FE482A0F}
		{3306986C-46C4-40CA-B92E-CDD35432634A} = {6958C66E-18D5-4A87-B74A-2127FE482A0F}
		{D39C4AE6-5A54-4A64-B380-54091C96C31A} = {6958C66E-18D5-4A87-B74A-2127FE482A0F}
		{2028B2C1-7365-4912-8CAE-026871D74BFA} = {6DBEF9CC-F837-4384-9043-B000AFF4BC16}
		{55EB0669-2280-44FE-A5B0-107C7D37C14E} = {6DBEF9CC-F837-4384-9043-B000AFF4BC16}
		{F5D7E9DB-AE41-47E6-994D-6666127C964D} = {787B5DA0-4655-4BF9-9E55-3BBF2EDB7A90}
		{B732C2E3-3072-45B5-8C75-50730796B682} = {787B5DA0-4655-4BF9-9E55-3BBF2EDB7A90}
		{0FFE1AE4-6DB8-4602-9ED1-FA866D06489D} = {492A5CCD-5673-402E-8FE5-79DB2D3C2FB8}
	EndGlobalSection
	GlobalSection(ExtensibilityGlobals) = postSolution
		SolutionGuid = {A6AD8061-C2B4-4A80-AE87-634171EDA509}
	EndGlobalSection
EndGlobal
